
Microsoft Visual Studio Solution File, Format Version 12.00
# Visual Studio Version 17
VisualStudioVersion = 17.8.34330.188
MinimumVisualStudioVersion = 10.0.40219.1
Project("{FAE04EC0-301F-11D3-BF4B-00C04F79EFBC}") = "mvvm", "mvvm.csproj", "{060AF34F-4D7A-4711-93C4-C6C636DCDAA8}"
EndProject
Global
	GlobalSection(SolutionConfigurationPlatforms) = preSolution
		Debug|Any CPU = Debug|Any CPU
		Release|Any CPU = Release|Any CPU
	EndGlobalSection
	GlobalSection(ProjectConfigurationPlatforms) = postSolution
		{060AF34F-4D7A-4711-93C4-C6C636DCDAA8}.Debug|Any CPU.ActiveCfg = Debug|Any CPU
		{060AF34F-4D7A-4711-93C4-C6C636DCDAA8}.Debug|Any CPU.Build.0 = Debug|Any CPU
		{060AF34F-4D7A-4711-93C4-C6C636DCDAA8}.Release|Any CPU.ActiveCfg = Release|Any CPU
		{060AF34F-4D7A-4711-93C4-C6C636DCDAA8}.Release|Any CPU.Build.0 = Release|Any CPU
	EndGlobalSection
	GlobalSection(SolutionProperties) = preSolution
		HideSolutionNode = FALSE
	EndGlobalSection
	GlobalSection(ExtensibilityGlobals) = postSolution
		SolutionGuid = {E4189E35-ED7C-4C56-B6AF-DF534256B33B}
	EndGlobalSection
EndGlobal
